
Microsoft Visual Studio Solution File, Format Version 12.00
# Visual Studio Version 17
VisualStudioVersion = 17.10.35122.118
MinimumVisualStudioVersion = 10.0.40219.1
Project("{2150E333-8FDC-42A3-9474-1A3956D46DE8}") = "Domain", "Domain", "{BE369AC9-AC62-4D9F-B2C7-084A657CBACA}"
EndProject
Project("{2150E333-8FDC-42A3-9474-1A3956D46DE8}") = "Infrastructure", "Infrastructure", "{013D8292-70A8-40E9-9DB7-68DF18D60018}"
EndProject
Project("{2150E333-8FDC-42A3-9474-1A3956D46DE8}") = "Presentation", "Presentation", "{AF48F07F-3126-4026-A0BE-1A0C1645EE33}"
EndProject
Project("{9A19103F-16F7-4668-BE54-9A1E7A4F7556}") = "Entities", "Entities\Entities.csproj", "{E332D1A7-D6C8-4896-9E59-AF0C13034496}"
EndProject
Project("{9A19103F-16F7-4668-BE54-9A1E7A4F7556}") = "Interfaces", "Interfaces\Interfaces.csproj", "{A5295053-29B0-4BF1-9502-E8F9413BC9C3}"
EndProject
Project("{9A19103F-16F7-4668-BE54-9A1E7A4F7556}") = "Persistence", "Persistence\Persistence.csproj", "{58B2BFD9-2A65-4262-A510-07ACBE65A970}"
EndProject
Project("{9A19103F-16F7-4668-BE54-9A1E7A4F7556}") = "Repositories", "Repositories\Repositories.csproj", "{45383808-7D59-45B7-BF0D-6DAA9C4AEA4A}"
EndProject
Project("{9A19103F-16F7-4668-BE54-9A1E7A4F7556}") = "ViewModel", "ViewModel\ViewModel.csproj", "{2649200F-6743-4726-BFF2-0928200FF630}"
EndProject
Project("{9A19103F-16F7-4668-BE54-9A1E7A4F7556}") = "BackEndApi", "BackEndApi\BackEndApi.csproj", "{CBA83475-8479-45F4-AE47-B3B064E190CB}"
EndProject
Global
	GlobalSection(SolutionConfigurationPlatforms) = preSolution
		Debug|Any CPU = Debug|Any CPU
		Release|Any CPU = Release|Any CPU
	EndGlobalSection
	GlobalSection(ProjectConfigurationPlatforms) = postSolution
		{E332D1A7-D6C8-4896-9E59-AF0C13034496}.Debug|Any CPU.ActiveCfg = Debug|Any CPU
		{E332D1A7-D6C8-4896-9E59-AF0C13034496}.Debug|Any CPU.Build.0 = Debug|Any CPU
		{E332D1A7-D6C8-4896-9E59-AF0C13034496}.Release|Any CPU.ActiveCfg = Release|Any CPU
		{E332D1A7-D6C8-4896-9E59-AF0C13034496}.Release|Any CPU.Build.0 = Release|Any CPU
		{A5295053-29B0-4BF1-9502-E8F9413BC9C3}.Debug|Any CPU.ActiveCfg = Debug|Any CPU
		{A5295053-29B0-4BF1-9502-E8F9413BC9C3}.Debug|Any CPU.Build.0 = Debug|Any CPU
		{A5295053-29B0-4BF1-9502-E8F9413BC9C3}.Release|Any CPU.ActiveCfg = Release|Any CPU
		{A5295053-29B0-4BF1-9502-E8F9413BC9C3}.Release|Any CPU.Build.0 = Release|Any CPU
		{58B2BFD9-2A65-4262-A510-07ACBE65A970}.Debug|Any CPU.ActiveCfg = Debug|Any CPU
		{58B2BFD9-2A65-4262-A510-07ACBE65A970}.Debug|Any CPU.Build.0 = Debug|Any CPU
		{58B2BFD9-2A65-4262-A510-07ACBE65A970}.Release|Any CPU.ActiveCfg = Release|Any CPU
		{58B2BFD9-2A65-4262-A510-07ACBE65A970}.Release|Any CPU.Build.0 = Release|Any CPU
		{45383808-7D59-45B7-BF0D-6DAA9C4AEA4A}.Debug|Any CPU.ActiveCfg = Debug|Any CPU
		{45383808-7D59-45B7-BF0D-6DAA9C4AEA4A}.Debug|Any CPU.Build.0 = Debug|Any CPU
		{45383808-7D59-45B7-BF0D-6DAA9C4AEA4A}.Release|Any CPU.ActiveCfg = Release|Any CPU
		{45383808-7D59-45B7-BF0D-6DAA9C4AEA4A}.Release|Any CPU.Build.0 = Release|Any CPU
		{2649200F-6743-4726-BFF2-0928200FF630}.Debug|Any CPU.ActiveCfg = Debug|Any CPU
		{2649200F-6743-4726-BFF2-0928200FF630}.Debug|Any CPU.Build.0 = Debug|Any CPU
		{2649200F-6743-4726-BFF2-0928200FF630}.Release|Any CPU.ActiveCfg = Release|Any CPU
		{2649200F-6743-4726-BFF2-0928200FF630}.Release|Any CPU.Build.0 = Release|Any CPU
		{CBA83475-8479-45F4-AE47-B3B064E190CB}.Debug|Any CPU.ActiveCfg = Debug|Any CPU
		{CBA83475-8479-45F4-AE47-B3B064E190CB}.Debug|Any CPU.Build.0 = Debug|Any CPU
		{CBA83475-8479-45F4-AE47-B3B064E190CB}.Release|Any CPU.ActiveCfg = Release|Any CPU
		{CBA83475-8479-45F4-AE47-B3B064E190CB}.Release|Any CPU.Build.0 = Release|Any CPU
	EndGlobalSection
	GlobalSection(SolutionProperties) = preSolution
		HideSolutionNode = FALSE
	EndGlobalSection
	GlobalSection(NestedProjects) = preSolution
		{E332D1A7-D6C8-4896-9E59-AF0C13034496} = {BE369AC9-AC62-4D9F-B2C7-084A657CBACA}
		{A5295053-29B0-4BF1-9502-E8F9413BC9C3} = {BE369AC9-AC62-4D9F-B2C7-084A657CBACA}
		{58B2BFD9-2A65-4262-A510-07ACBE65A970} = {013D8292-70A8-40E9-9DB7-68DF18D60018}
		{45383808-7D59-45B7-BF0D-6DAA9C4AEA4A} = {013D8292-70A8-40E9-9DB7-68DF18D60018}
		{2649200F-6743-4726-BFF2-0928200FF630} = {AF48F07F-3126-4026-A0BE-1A0C1645EE33}
		{CBA83475-8479-45F4-AE47-B3B064E190CB} = {AF48F07F-3126-4026-A0BE-1A0C1645EE33}
	EndGlobalSection
	GlobalSection(ExtensibilityGlobals) = postSolution
		SolutionGuid = {E180CCAA-3E4E-4826-9511-771ECB31637D}
	EndGlobalSection
EndGlobal
